// !$*UTF8*$!
{
	archiveVersion = 1;
	classes = {
	};
	objectVersion = 50;
	objects = {

/* Begin PBXBuildFile section */
		86B3427F277997B9004930CB /* AppDelegate.swift in Sources */ = {isa = PBXBuildFile; fileRef = 86B3427E277997B9004930CB /* AppDelegate.swift */; };
		86B34281277997B9004930CB /* SceneDelegate.swift in Sources */ = {isa = PBXBuildFile; fileRef = 86B34280277997B9004930CB /* SceneDelegate.swift */; };
		86B34283277997B9004930CB /* ViewController.swift in Sources */ = {isa = PBXBuildFile; fileRef = 86B34282277997B9004930CB /* ViewController.swift */; };
		86B34286277997B9004930CB /* Main.storyboard in Resources */ = {isa = PBXBuildFile; fileRef = 86B34284277997B9004930CB /* Main.storyboard */; };
		86B34288277997BB004930CB /* Assets.xcassets in Resources */ = {isa = PBXBuildFile; fileRef = 86B34287277997BB004930CB /* Assets.xcassets */; };
		86B3428B277997BB004930CB /* LaunchScreen.storyboard in Resources */ = {isa = PBXBuildFile; fileRef = 86B34289277997BB004930CB /* LaunchScreen.storyboard */; };
		86B342972779BBB5004930CB /* Question.swift in Sources */ = {isa = PBXBuildFile; fileRef = 86B342962779BBB5004930CB /* Question.swift */; };
		86B342992779BDA8004930CB /* QustionBank.swift in Sources */ = {isa = PBXBuildFile; fileRef = 86B342982779BDA8004930CB /* QustionBank.swift */; };
/* End PBXBuildFile section */

/* Begin PBXFileReference section */
		86B3427B277997B9004930CB /* QuizApp.app */ = {isa = PBXFileReference; explicitFileType = wrapper.application; includeInIndex = 0; path = QuizApp.app; sourceTree = BUILT_PRODUCTS_DIR; };
		86B3427E277997B9004930CB /* AppDelegate.swift */ = {isa = PBXFileReference; lastKnownFileType = sourcecode.swift; path = AppDelegate.swift; sourceTree = "<group>"; };
		86B34280277997B9004930CB /* SceneDelegate.swift */ = {isa = PBXFileReference; lastKnownFileType = sourcecode.swift; path = SceneDelegate.swift; sourceTree = "<group>"; };
		86B34282277997B9004930CB /* ViewController.swift */ = {isa = PBXFileReference; lastKnownFileType = sourcecode.swift; path = ViewController.swift; sourceTree = "<group>"; };
		86B34285277997B9004930CB /* Base */ = {isa = PBXFileReference; lastKnownFileType = file.storyboard; name = Base; path = Base.lproj/Main.storyboard; sourceTree = "<group>"; };
		86B34287277997BB004930CB /* Assets.xcassets */ = {isa = PBXFileReference; lastKnownFileType = folder.assetcatalog; path = Assets.xcassets; sourceTree = "<group>"; };
		86B3428A277997BB004930CB /* Base */ = {isa = PBXFileReference; lastKnownFileType = file.storyboard; name = Base; path = Base.lproj/LaunchScreen.storyboard; sourceTree = "<group>"; };
		86B3428C277997BB004930CB /* Info.plist */ = {isa = PBXFileReference; lastKnownFileType = text.plist.xml; path = Info.plist; sourceTree = "<group>"; };
		86B342962779BBB5004930CB /* Question.swift */ = {isa = PBXFileReference; lastKnownFileType = sourcecode.swift; path = Question.swift; sourceTree = "<group>"; };
		86B342982779BDA8004930CB /* QustionBank.swift */ = {isa = PBXFileReference; lastKnownFileType = sourcecode.swift; path = QustionBank.swift; sourceTree = "<group>"; };
/* End PBXFileReference section */

/* Begin PBXFrameworksBuildPhase section */
		86B34278277997B9004930CB /* Frameworks */ = {
			isa = PBXFrameworksBuildPhase;
			buildActionMask = 2147483647;
			files = (
			);
			runOnlyForDeploymentPostprocessing = 0;
		};
/* End PBXFrameworksBuildPhase section */

/* Begin PBXGroup section */
		86B34272277997B9004930CB = {
			isa = PBXGroup;
			children = (
				86B3427D277997B9004930CB /* QuizApp */,
				86B3427C277997B9004930CB /* Products */,
			);
			sourceTree = "<group>";
		};
		86B3427C277997B9004930CB /* Products */ = {
			isa = PBXGroup;
			children = (
				86B3427B277997B9004930CB /* QuizApp.app */,
			);
			name = Products;
			sourceTree = "<group>";
		};
		86B3427D277997B9004930CB /* QuizApp */ = {
			isa = PBXGroup;
			children = (
				86B3429527799801004930CB /* view */,
				86B34294277997F4004930CB /* model */,
				86B34293277997DE004930CB /* contoller */,
				86B34292277997C8004930CB /* supportingfiles */,
			);
			path = QuizApp;
			sourceTree = "<group>";
		};
		86B34292277997C8004930CB /* supportingfiles */ = {
			isa = PBXGroup;
			children = (
				86B3428C277997BB004930CB /* Info.plist */,
			);
			path = supportingfiles;
			sourceTree = "<group>";
		};
		86B34293277997DE004930CB /* contoller */ = {
			isa = PBXGroup;
			children = (
				86B34280277997B9004930CB /* SceneDelegate.swift */,
				86B34282277997B9004930CB /* ViewController.swift */,
				86B3427E277997B9004930CB /* AppDelegate.swift */,
			);
			path = contoller;
			sourceTree = "<group>";
		};
		86B34294277997F4004930CB /* model */ = {
			isa = PBXGroup;
			children = (
				86B342962779BBB5004930CB /* Question.swift */,
				86B342982779BDA8004930CB /* QustionBank.swift */,
			);
			path = model;
			sourceTree = "<group>";
		};
		86B3429527799801004930CB /* view */ = {
			isa = PBXGroup;
			children = (
				86B34284277997B9004930CB /* Main.storyboard */,
				86B34287277997BB004930CB /* Assets.xcassets */,
				86B34289277997BB004930CB /* LaunchScreen.storyboard */,
			);
			path = view;
			sourceTree = "<group>";
		};
/* End PBXGroup section */

/* Begin PBXNativeTarget section */
		86B3427A277997B9004930CB /* QuizApp */ = {
			isa = PBXNativeTarget;
			buildConfigurationList = 86B3428F277997BB004930CB /* Build configuration list for PBXNativeTarget "QuizApp" */;
			buildPhases = (
				86B34277277997B9004930CB /* Sources */,
				86B34278277997B9004930CB /* Frameworks */,
				86B34279277997B9004930CB /* Resources */,
			);
			buildRules = (
			);
			dependencies = (
			);
			name = QuizApp;
			productName = QuizApp;
			productReference = 86B3427B277997B9004930CB /* QuizApp.app */;
			productType = "com.apple.product-type.application";
		};
/* End PBXNativeTarget section */

/* Begin PBXProject section */
		86B34273277997B9004930CB /* Project object */ = {
			isa = PBXProject;
			attributes = {
				LastSwiftUpdateCheck = 1170;
				LastUpgradeCheck = 1170;
				ORGANIZATIONNAME = toce;
				TargetAttributes = {
					86B3427A277997B9004930CB = {
						CreatedOnToolsVersion = 11.7;
					};
				};
			};
			buildConfigurationList = 86B34276277997B9004930CB /* Build configuration list for PBXProject "QuizApp" */;
			compatibilityVersion = "Xcode 9.3";
			developmentRegion = en;
			hasScannedForEncodings = 0;
			knownRegions = (
				en,
				Base,
			);
			mainGroup = 86B34272277997B9004930CB;
			productRefGroup = 86B3427C277997B9004930CB /* Products */;
			projectDirPath = "";
			projectRoot = "";
			targets = (
				86B3427A277997B9004930CB /* QuizApp */,
			);
		};
/* End PBXProject section */

/* Begin PBXResourcesBuildPhase section */
		86B34279277997B9004930CB /* Resources */ = {
			isa = PBXResourcesBuildPhase;
			buildActionMask = 2147483647;
			files = (
				86B3428B277997BB004930CB /* LaunchScreen.storyboard in Resources */,
				86B34288277997BB004930CB /* Assets.xcassets in Resources */,
				86B34286277997B9004930CB /* Main.storyboard in Resources */,
			);
			runOnlyForDeploymentPostprocessing = 0;
		};
/* End PBXResourcesBuildPhase section */

/* Begin PBXSourcesBuildPhase section */
		86B34277277997B9004930CB /* Sources */ = {
			isa = PBXSourcesBuildPhase;
			buildActionMask = 2147483647;
			files = (
				86B34283277997B9004930CB /* ViewController.swift in Sources */,
				86B342972779BBB5004930CB /* Question.swift in Sources */,
				86B3427F277997B9004930CB /* AppDelegate.swift in Sources */,
				86B34281277997B9004930CB /* SceneDelegate.swift in Sources */,
				86B342992779BDA8004930CB /* QustionBank.swift in Sources */,
			);
			runOnlyForDeploymentPostprocessing = 0;
		};
/* End PBXSourcesBuildPhase section */

/* Begin PBXVariantGroup section */
		86B34284277997B9004930CB /* Main.storyboard */ = {
			isa = PBXVariantGroup;
			children = (
				86B34285277997B9004930CB /* Base */,
			);
			name = Main.storyboard;
			sourceTree = "<group>";
		};
		86B34289277997BB004930CB /* LaunchScreen.storyboard */ = {
			isa = PBXVariantGroup;
			children = (
				86B3428A277997BB004930CB /* Base */,
			);
			name = LaunchScreen.storyboard;
			sourceTree = "<group>";
		};
/* End PBXVariantGroup section */

/* Begin XCBuildConfiguration section */
		86B3428D277997BB004930CB /* Debug */ = {
			isa = XCBuildConfiguration;
			buildSettings = {
				ALWAYS_SEARCH_USER_PATHS = NO;
				CLANG_ANALYZER_NONNULL = YES;
				CLANG_ANALYZER_NUMBER_OBJECT_CONVERSION = YES_AGGRESSIVE;
				CLANG_CXX_LANGUAGE_STANDARD = "gnu++14";
				CLANG_CXX_LIBRARY = "libc++";
				CLANG_ENABLE_MODULES = YES;
				CLANG_ENABLE_OBJC_ARC = YES;
				CLANG_ENABLE_OBJC_WEAK = YES;
				CLANG_WARN_BLOCK_CAPTURE_AUTORELEASING = YES;
				CLANG_WARN_BOOL_CONVERSION = YES;
				CLANG_WARN_COMMA = YES;
				CLANG_WARN_CONSTANT_CONVERSION = YES;
				CLANG_WARN_DEPRECATED_OBJC_IMPLEMENTATIONS = YES;
				CLANG_WARN_DIRECT_OBJC_ISA_USAGE = YES_ERROR;
				CLANG_WARN_DOCUMENTATION_COMMENTS = YES;
				CLANG_WARN_EMPTY_BODY = YES;
				CLANG_WARN_ENUM_CONVERSION = YES;
				CLANG_WARN_INFINITE_RECURSION = YES;
				CLANG_WARN_INT_CONVERSION = YES;
				CLANG_WARN_NON_LITERAL_NULL_CONVERSION = YES;
				CLANG_WARN_OBJC_IMPLICIT_RETAIN_SELF = YES;
				CLANG_WARN_OBJC_LITERAL_CONVERSION = YES;
				CLANG_WARN_OBJC_ROOT_CLASS = YES_ERROR;
				CLANG_WARN_RANGE_LOOP_ANALYSIS = YES;
				CLANG_WARN_STRICT_PROTOTYPES = YES;
				CLANG_WARN_SUSPICIOUS_MOVE = YES;
				CLANG_WARN_UNGUARDED_AVAILABILITY = YES_AGGRESSIVE;
				CLANG_WARN_UNREACHABLE_CODE = YES;
				CLANG_WARN__DUPLICATE_METHOD_MATCH = YES;
				COPY_PHASE_STRIP = NO;
				DEBUG_INFORMATION_FORMAT = dwarf;
				ENABLE_STRICT_OBJC_MSGSEND = YES;
				ENABLE_TESTABILITY = YES;
				GCC_C_LANGUAGE_STANDARD = gnu11;
				GCC_DYNAMIC_NO_PIC = NO;
				GCC_NO_COMMON_BLOCKS = YES;
				GCC_OPTIMIZATION_LEVEL = 0;
				GCC_PREPROCESSOR_DEFINITIONS = (
					"DEBUG=1",
					"$(inherited)",
				);
				GCC_WARN_64_TO_32_BIT_CONVERSION = YES;
				GCC_WARN_ABOUT_RETURN_TYPE = YES_ERROR;
				GCC_WARN_UNDECLARED_SELECTOR = YES;
				GCC_WARN_UNINITIALIZED_AUTOS = YES_AGGRESSIVE;
				GCC_WARN_UNUSED_FUNCTION = YES;
				GCC_WARN_UNUSED_VARIABLE = YES;
				IPHONEOS_DEPLOYMENT_TARGET = 13.7;
				MTL_ENABLE_DEBUG_INFO = INCLUDE_SOURCE;
				MTL_FAST_MATH = YES;
				ONLY_ACTIVE_ARCH = YES;
				SDKROOT = iphoneos;
				SWIFT_ACTIVE_COMPILATION_CONDITIONS = DEBUG;
				SWIFT_OPTIMIZATION_LEVEL = "-Onone";
			};
			name = Debug;
		};
		86B3428E277997BB004930CB /* Release */ = {
			isa = XCBuildConfiguration;
			buildSettings = {
				ALWAYS_SEARCH_USER_PATHS = NO;
				CLANG_ANALYZER_NONNULL = YES;
				CLANG_ANALYZER_NUMBER_OBJECT_CONVERSION = YES_AGGRESSIVE;
				CLANG_CXX_LANGUAGE_STANDARD = "gnu++14";
				CLANG_CXX_LIBRARY = "libc++";
				CLANG_ENABLE_MODULES = YES;
				CLANG_ENABLE_OBJC_ARC = YES;
				CLANG_ENABLE_OBJC_WEAK = YES;
				CLANG_WARN_BLOCK_CAPTURE_AUTORELEASING = YES;
				CLANG_WARN_BOOL_CONVERSION = YES;
				CLANG_WARN_COMMA = YES;
				CLANG_WARN_CONSTANT_CONVERSION = YES;
				CLANG_WARN_DEPRECATED_OBJC_IMPLEMENTATIONS = YES;
				CLANG_WARN_DIRECT_OBJC_ISA_USAGE = YES_ERROR;
				CLANG_WARN_DOCUMENTATION_COMMENTS = YES;
				CLANG_WARN_EMPTY_BODY = YES;
				CLANG_WARN_ENUM_CONVERSION = YES;
				CLANG_WARN_INFINITE_RECURSION = YES;
				CLANG_WARN_INT_CONVERSION = YES;
				CLANG_WARN_NON_LITERAL_NULL_CONVERSION = YES;
				CLANG_WARN_OBJC_IMPLICIT_RETAIN_SELF = YES;
				CLANG_WARN_OBJC_LITERAL_CONVERSION = YES;
				CLANG_WARN_OBJC_ROOT_CLASS = YES_ERROR;
				CLANG_WARN_RANGE_LOOP_ANALYSIS = YES;
				CLANG_WARN_STRICT_PROTOTYPES = YES;
				CLANG_WARN_SUSPICIOUS_MOVE = YES;
				CLANG_WARN_UNGUARDED_AVAILABILITY = YES_AGGRESSIVE;
				CLANG_WARN_UNREACHABLE_CODE = YES;
				CLANG_WARN__DUPLICATE_METHOD_MATCH = YES;
				COPY_PHASE_STRIP = NO;
				DEBUG_INFORMATION_FORMAT = "dwarf-with-dsym";
				ENABLE_NS_ASSERTIONS = NO;
				ENABLE_STRICT_OBJC_MSGSEND = YES;
				GCC_C_LANGUAGE_STANDARD = gnu11;
				GCC_NO_COMMON_BLOCKS = YES;
				GCC_WARN_64_TO_32_BIT_CONVERSION = YES;
				GCC_WARN_ABOUT_RETURN_TYPE = YES_ERROR;
				GCC_WARN_UNDECLARED_SELECTOR = YES;
				GCC_WARN_UNINITIALIZED_AUTOS = YES_AGGRESSIVE;
				GCC_WARN_UNUSED_FUNCTION = YES;
				GCC_WARN_UNUSED_VARIABLE = YES;
				IPHONEOS_DEPLOYMENT_TARGET = 13.7;
				MTL_ENABLE_DEBUG_INFO = NO;
				MTL_FAST_MATH = YES;
				SDKROOT = iphoneos;
				SWIFT_COMPILATION_MODE = wholemodule;
				SWIFT_OPTIMIZATION_LEVEL = "-O";
				VALIDATE_PRODUCT = YES;
			};
			name = Release;
		};
		86B34290277997BB004930CB /* Debug */ = {
			isa = XCBuildConfiguration;
			buildSettings = {
				ASSETCATALOG_COMPILER_APPICON_NAME = AppIcon;
				CODE_SIGN_STYLE = Automatic;
				INFOPLIST_FILE = QuizApp/supportingfiles/Info.plist;
				LD_RUNPATH_SEARCH_PATHS = (
					"$(inherited)",
					"@executable_path/Frameworks",
				);
				PRODUCT_BUNDLE_IDENTIFIER = com.vmaljyothi.QuizApp;
				PRODUCT_NAME = "$(TARGET_NAME)";
				SWIFT_VERSION = 5.0;
				TARGETED_DEVICE_FAMILY = "1,2";
			};
			name = Debug;
		};
		86B34291277997BB004930CB /* Release */ = {
			isa = XCBuildConfiguration;
			buildSettings = {
				ASSETCATALOG_COMPILER_APPICON_NAME = AppIcon;
				CODE_SIGN_STYLE = Automatic;
				INFOPLIST_FILE = QuizApp/supportingfiles/Info.plist;
				LD_RUNPATH_SEARCH_PATHS = (
					"$(inherited)",
					"@executable_path/Frameworks",
				);
				PRODUCT_BUNDLE_IDENTIFIER = com.vmaljyothi.QuizApp;
				PRODUCT_NAME = "$(TARGET_NAME)";
				SWIFT_VERSION = 5.0;
				TARGETED_DEVICE_FAMILY = "1,2";
			};
			name = Release;
		};
/* End XCBuildConfiguration section */

/* Begin XCConfigurationList section */
		86B34276277997B9004930CB /* Build configuration list for PBXProject "QuizApp" */ = {
			isa = XCConfigurationList;
			buildConfigurations = (
				86B3428D277997BB004930CB /* Debug */,
				86B3428E277997BB004930CB /* Release */,
			);
			defaultConfigurationIsVisible = 0;
			defaultConfigurationName = Release;
		};
		86B3428F277997BB004930CB /* Build configuration list for PBXNativeTarget "QuizApp" */ = {
			isa = XCConfigurationList;
			buildConfigurations = (
				86B34290277997BB004930CB /* Debug */,
				86B34291277997BB004930CB /* Release */,
			);
			defaultConfigurationIsVisible = 0;
			defaultConfigurationName = Release;
		};
/* End XCConfigurationList section */
	};
	rootObject = 86B34273277997B9004930CB /* Project object */;
}
